
Microsoft Visual Studio Solution File, Format Version 12.00
# Visual Studio 15
VisualStudioVersion = 15.0.28307.421
MinimumVisualStudioVersion = 10.0.40219.1
Project("{FAE04EC0-301F-11D3-BF4B-00C04F79EFBC}") = "EmailService", "EmailService\EmailService.csproj", "{5878973B-3DE2-434F-94E0-82A626765110}"
EndProject
Global
	GlobalSection(SolutionConfigurationPlatforms) = preSolution
		Debug|Any CPU = Debug|Any CPU
		Release|Any CPU = Release|Any CPU
	EndGlobalSection
	GlobalSection(ProjectConfigurationPlatforms) = postSolution
		{5878973B-3DE2-434F-94E0-82A626765110}.Debug|Any CPU.ActiveCfg = Debug|Any CPU
		{5878973B-3DE2-434F-94E0-82A626765110}.Debug|Any CPU.Build.0 = Debug|Any CPU
		{5878973B-3DE2-434F-94E0-82A626765110}.Release|Any CPU.ActiveCfg = Release|Any CPU
		{5878973B-3DE2-434F-94E0-82A626765110}.Release|Any CPU.Build.0 = Release|Any CPU
	EndGlobalSection
	GlobalSection(SolutionProperties) = preSolution
		HideSolutionNode = FALSE
	EndGlobalSection
	GlobalSection(ExtensibilityGlobals) = postSolution
		SolutionGuid = {D9A0090E-5409-4EC9-B16E-572FF7BCE3B5}
	EndGlobalSection
EndGlobal
