
Microsoft Visual Studio Solution File, Format Version 12.00
# Visual Studio 15
VisualStudioVersion = 15.0.28010.2050
MinimumVisualStudioVersion = 10.0.40219.1
Project("{FAE04EC0-301F-11D3-BF4B-00C04F79EFBC}") = "SignalRChat", "SignalRChat\SignalRChat.csproj", "{066ADC83-BB03-41B0-9BA0-8DFDBE4DAC1B}"
EndProject
Global
	GlobalSection(SolutionConfigurationPlatforms) = preSolution
		Debug|Any CPU = Debug|Any CPU
		Release|Any CPU = Release|Any CPU
	EndGlobalSection
	GlobalSection(ProjectConfigurationPlatforms) = postSolution
		{066ADC83-BB03-41B0-9BA0-8DFDBE4DAC1B}.Debug|Any CPU.ActiveCfg = Debug|Any CPU
		{066ADC83-BB03-41B0-9BA0-8DFDBE4DAC1B}.Debug|Any CPU.Build.0 = Debug|Any CPU
		{066ADC83-BB03-41B0-9BA0-8DFDBE4DAC1B}.Release|Any CPU.ActiveCfg = Release|Any CPU
		{066ADC83-BB03-41B0-9BA0-8DFDBE4DAC1B}.Release|Any CPU.Build.0 = Release|Any CPU
	EndGlobalSection
	GlobalSection(SolutionProperties) = preSolution
		HideSolutionNode = FALSE
	EndGlobalSection
	GlobalSection(ExtensibilityGlobals) = postSolution
		SolutionGuid = {D02959DF-9A5D-4C6F-AD7A-34D703F56900}
	EndGlobalSection
EndGlobal
