
Microsoft Visual Studio Solution File, Format Version 12.00
# Visual Studio 15
VisualStudioVersion = 15.0.28307.489
MinimumVisualStudioVersion = 10.0.40219.1
Project("{FAE04EC0-301F-11D3-BF4B-00C04F79EFBC}") = "Chapter19_AuthentApp", "Chapter19_AuthentApp\Chapter19_AuthentApp.csproj", "{8194277F-0249-4487-8B85-E785C6F42F64}"
EndProject
Global
	GlobalSection(SolutionConfigurationPlatforms) = preSolution
		Debug|Any CPU = Debug|Any CPU
		Release|Any CPU = Release|Any CPU
	EndGlobalSection
	GlobalSection(ProjectConfigurationPlatforms) = postSolution
		{8194277F-0249-4487-8B85-E785C6F42F64}.Debug|Any CPU.ActiveCfg = Debug|Any CPU
		{8194277F-0249-4487-8B85-E785C6F42F64}.Debug|Any CPU.Build.0 = Debug|Any CPU
		{8194277F-0249-4487-8B85-E785C6F42F64}.Release|Any CPU.ActiveCfg = Release|Any CPU
		{8194277F-0249-4487-8B85-E785C6F42F64}.Release|Any CPU.Build.0 = Release|Any CPU
	EndGlobalSection
	GlobalSection(SolutionProperties) = preSolution
		HideSolutionNode = FALSE
	EndGlobalSection
	GlobalSection(ExtensibilityGlobals) = postSolution
		SolutionGuid = {A7074EFF-0067-4DE4-A22A-09D965DF5D45}
	EndGlobalSection
EndGlobal
