
Microsoft Visual Studio Solution File, Format Version 12.00
# Visual Studio 15
VisualStudioVersion = 15.0.28010.2050
MinimumVisualStudioVersion = 10.0.40219.1
Project("{FAE04EC0-301F-11D3-BF4B-00C04F79EFBC}") = "WebAppFilters", "WebAppFilters\WebAppFilters.csproj", "{2C983B43-0BBD-4D42-8BE7-5C69B87A797D}"
EndProject
Global
	GlobalSection(SolutionConfigurationPlatforms) = preSolution
		Debug|Any CPU = Debug|Any CPU
		Release|Any CPU = Release|Any CPU
	EndGlobalSection
	GlobalSection(ProjectConfigurationPlatforms) = postSolution
		{2C983B43-0BBD-4D42-8BE7-5C69B87A797D}.Debug|Any CPU.ActiveCfg = Debug|Any CPU
		{2C983B43-0BBD-4D42-8BE7-5C69B87A797D}.Debug|Any CPU.Build.0 = Debug|Any CPU
		{2C983B43-0BBD-4D42-8BE7-5C69B87A797D}.Release|Any CPU.ActiveCfg = Release|Any CPU
		{2C983B43-0BBD-4D42-8BE7-5C69B87A797D}.Release|Any CPU.Build.0 = Release|Any CPU
	EndGlobalSection
	GlobalSection(SolutionProperties) = preSolution
		HideSolutionNode = FALSE
	EndGlobalSection
	GlobalSection(ExtensibilityGlobals) = postSolution
		SolutionGuid = {737BF39B-BC12-4C69-8D43-2DF75D439D51}
	EndGlobalSection
EndGlobal
