
Microsoft Visual Studio Solution File, Format Version 12.00
# Visual Studio Version 16
VisualStudioVersion = 16.0.28803.452
MinimumVisualStudioVersion = 10.0.40219.1
Project("{9A19103F-16F7-4668-BE54-9A1E7A4F7556}") = "Store", "Store\Store.csproj", "{59343E2C-2BA6-48E3-AEF5-3252F1928031}"
EndProject
Global
	GlobalSection(SolutionConfigurationPlatforms) = preSolution
		Debug|Any CPU = Debug|Any CPU
		Release|Any CPU = Release|Any CPU
	EndGlobalSection
	GlobalSection(ProjectConfigurationPlatforms) = postSolution
		{59343E2C-2BA6-48E3-AEF5-3252F1928031}.Debug|Any CPU.ActiveCfg = Debug|Any CPU
		{59343E2C-2BA6-48E3-AEF5-3252F1928031}.Debug|Any CPU.Build.0 = Debug|Any CPU
		{59343E2C-2BA6-48E3-AEF5-3252F1928031}.Release|Any CPU.ActiveCfg = Release|Any CPU
		{59343E2C-2BA6-48E3-AEF5-3252F1928031}.Release|Any CPU.Build.0 = Release|Any CPU
	EndGlobalSection
	GlobalSection(SolutionProperties) = preSolution
		HideSolutionNode = FALSE
	EndGlobalSection
	GlobalSection(ExtensibilityGlobals) = postSolution
		SolutionGuid = {515625A1-0E34-4440-AA3F-FD077F0BE8D4}
	EndGlobalSection
EndGlobal
