
Microsoft Visual Studio Solution File, Format Version 12.00
# Visual Studio 15
VisualStudioVersion = 15.0.28010.2050
MinimumVisualStudioVersion = 10.0.40219.1
Project("{FAE04EC0-301F-11D3-BF4B-00C04F79EFBC}") = "ControllersAndActions", "ControllersAndActions\ControllersAndActions.csproj", "{5901917D-DC30-478E-A916-73EFE5CC7C16}"
EndProject
Global
	GlobalSection(SolutionConfigurationPlatforms) = preSolution
		Debug|Any CPU = Debug|Any CPU
		Release|Any CPU = Release|Any CPU
	EndGlobalSection
	GlobalSection(ProjectConfigurationPlatforms) = postSolution
		{5901917D-DC30-478E-A916-73EFE5CC7C16}.Debug|Any CPU.ActiveCfg = Debug|Any CPU
		{5901917D-DC30-478E-A916-73EFE5CC7C16}.Debug|Any CPU.Build.0 = Debug|Any CPU
		{5901917D-DC30-478E-A916-73EFE5CC7C16}.Release|Any CPU.ActiveCfg = Release|Any CPU
		{5901917D-DC30-478E-A916-73EFE5CC7C16}.Release|Any CPU.Build.0 = Release|Any CPU
	EndGlobalSection
	GlobalSection(SolutionProperties) = preSolution
		HideSolutionNode = FALSE
	EndGlobalSection
	GlobalSection(ExtensibilityGlobals) = postSolution
		SolutionGuid = {A9594F10-0A31-4897-B491-94FB7EDF8D29}
	EndGlobalSection
EndGlobal
