
Microsoft Visual Studio Solution File, Format Version 12.00
# Visual Studio 15
VisualStudioVersion = 15.0.28010.2050
MinimumVisualStudioVersion = 10.0.40219.1
Project("{FAE04EC0-301F-11D3-BF4B-00C04F79EFBC}") = "LanguageFeatures", "LanguageFeatures\LanguageFeatures.csproj", "{B7785F21-1C00-410F-992E-EDFC2493B886}"
EndProject
Global
	GlobalSection(SolutionConfigurationPlatforms) = preSolution
		Debug|Any CPU = Debug|Any CPU
		Release|Any CPU = Release|Any CPU
	EndGlobalSection
	GlobalSection(ProjectConfigurationPlatforms) = postSolution
		{B7785F21-1C00-410F-992E-EDFC2493B886}.Debug|Any CPU.ActiveCfg = Debug|Any CPU
		{B7785F21-1C00-410F-992E-EDFC2493B886}.Debug|Any CPU.Build.0 = Debug|Any CPU
		{B7785F21-1C00-410F-992E-EDFC2493B886}.Release|Any CPU.ActiveCfg = Release|Any CPU
		{B7785F21-1C00-410F-992E-EDFC2493B886}.Release|Any CPU.Build.0 = Release|Any CPU
	EndGlobalSection
	GlobalSection(SolutionProperties) = preSolution
		HideSolutionNode = FALSE
	EndGlobalSection
	GlobalSection(ExtensibilityGlobals) = postSolution
		SolutionGuid = {036E24CA-8EEB-41EC-99F8-7B18B5A9C910}
	EndGlobalSection
EndGlobal
