
Microsoft Visual Studio Solution File, Format Version 12.00
# Visual Studio 15
VisualStudioVersion = 15.0.28307.421
MinimumVisualStudioVersion = 10.0.40219.1
Project("{FAE04EC0-301F-11D3-BF4B-00C04F79EFBC}") = "Chapter4-Configuration", "Chapter4-Configuration\Chapter4-Configuration.csproj", "{D2BA6C54-0313-4E87-BEE4-9CB165A4CD06}"
EndProject
Global
	GlobalSection(SolutionConfigurationPlatforms) = preSolution
		Debug|Any CPU = Debug|Any CPU
		Release|Any CPU = Release|Any CPU
	EndGlobalSection
	GlobalSection(ProjectConfigurationPlatforms) = postSolution
		{D2BA6C54-0313-4E87-BEE4-9CB165A4CD06}.Debug|Any CPU.ActiveCfg = Debug|Any CPU
		{D2BA6C54-0313-4E87-BEE4-9CB165A4CD06}.Debug|Any CPU.Build.0 = Debug|Any CPU
		{D2BA6C54-0313-4E87-BEE4-9CB165A4CD06}.Release|Any CPU.ActiveCfg = Release|Any CPU
		{D2BA6C54-0313-4E87-BEE4-9CB165A4CD06}.Release|Any CPU.Build.0 = Release|Any CPU
	EndGlobalSection
	GlobalSection(SolutionProperties) = preSolution
		HideSolutionNode = FALSE
	EndGlobalSection
	GlobalSection(ExtensibilityGlobals) = postSolution
		SolutionGuid = {AFC40F4A-8BB2-4E04-B77F-5B8EFDFCB12E}
	EndGlobalSection
EndGlobal
