
Microsoft Visual Studio Solution File, Format Version 12.00
# Visual Studio 15
VisualStudioVersion = 15.0.28307.421
MinimumVisualStudioVersion = 10.0.40219.1
Project("{FAE04EC0-301F-11D3-BF4B-00C04F79EFBC}") = "ControllersApi", "ControllersApi\ControllersApi.csproj", "{7D2AA0EB-3DD2-4F7E-8610-47F26E907C17}"
EndProject
Global
	GlobalSection(SolutionConfigurationPlatforms) = preSolution
		Debug|Any CPU = Debug|Any CPU
		Release|Any CPU = Release|Any CPU
	EndGlobalSection
	GlobalSection(ProjectConfigurationPlatforms) = postSolution
		{7D2AA0EB-3DD2-4F7E-8610-47F26E907C17}.Debug|Any CPU.ActiveCfg = Debug|Any CPU
		{7D2AA0EB-3DD2-4F7E-8610-47F26E907C17}.Debug|Any CPU.Build.0 = Debug|Any CPU
		{7D2AA0EB-3DD2-4F7E-8610-47F26E907C17}.Release|Any CPU.ActiveCfg = Release|Any CPU
		{7D2AA0EB-3DD2-4F7E-8610-47F26E907C17}.Release|Any CPU.Build.0 = Release|Any CPU
	EndGlobalSection
	GlobalSection(SolutionProperties) = preSolution
		HideSolutionNode = FALSE
	EndGlobalSection
	GlobalSection(ExtensibilityGlobals) = postSolution
		SolutionGuid = {BD1D0171-324E-42BD-BBD1-CBE6FAA26F0E}
	EndGlobalSection
EndGlobal
