
Microsoft Visual Studio Solution File, Format Version 12.00
# Visual Studio 15
VisualStudioVersion = 15.0.28307.421
MinimumVisualStudioVersion = 10.0.40219.1
Project("{FAE04EC0-301F-11D3-BF4B-00C04F79EFBC}") = "EmailSending", "EmailSending\EmailSending.csproj", "{1361EAC3-6526-43AC-B520-AB6800D72FC5}"
EndProject
Global
	GlobalSection(SolutionConfigurationPlatforms) = preSolution
		Debug|Any CPU = Debug|Any CPU
		Release|Any CPU = Release|Any CPU
	EndGlobalSection
	GlobalSection(ProjectConfigurationPlatforms) = postSolution
		{1361EAC3-6526-43AC-B520-AB6800D72FC5}.Debug|Any CPU.ActiveCfg = Debug|Any CPU
		{1361EAC3-6526-43AC-B520-AB6800D72FC5}.Debug|Any CPU.Build.0 = Debug|Any CPU
		{1361EAC3-6526-43AC-B520-AB6800D72FC5}.Release|Any CPU.ActiveCfg = Release|Any CPU
		{1361EAC3-6526-43AC-B520-AB6800D72FC5}.Release|Any CPU.Build.0 = Release|Any CPU
	EndGlobalSection
	GlobalSection(SolutionProperties) = preSolution
		HideSolutionNode = FALSE
	EndGlobalSection
	GlobalSection(ExtensibilityGlobals) = postSolution
		SolutionGuid = {84AF783E-64B7-4194-A269-93EBF3960462}
	EndGlobalSection
EndGlobal
