
Microsoft Visual Studio Solution File, Format Version 12.00
# Visual Studio 15
VisualStudioVersion = 15.0.28010.2050
MinimumVisualStudioVersion = 10.0.40219.1
Project("{FAE04EC0-301F-11D3-BF4B-00C04F79EFBC}") = "TestApiWithPostman", "TestApiWithPostman\TestApiWithPostman.csproj", "{6E38CECB-0177-4C3B-848F-DE50E1CE5689}"
EndProject
Global
	GlobalSection(SolutionConfigurationPlatforms) = preSolution
		Debug|Any CPU = Debug|Any CPU
		Release|Any CPU = Release|Any CPU
	EndGlobalSection
	GlobalSection(ProjectConfigurationPlatforms) = postSolution
		{6E38CECB-0177-4C3B-848F-DE50E1CE5689}.Debug|Any CPU.ActiveCfg = Debug|Any CPU
		{6E38CECB-0177-4C3B-848F-DE50E1CE5689}.Debug|Any CPU.Build.0 = Debug|Any CPU
		{6E38CECB-0177-4C3B-848F-DE50E1CE5689}.Release|Any CPU.ActiveCfg = Release|Any CPU
		{6E38CECB-0177-4C3B-848F-DE50E1CE5689}.Release|Any CPU.Build.0 = Release|Any CPU
	EndGlobalSection
	GlobalSection(SolutionProperties) = preSolution
		HideSolutionNode = FALSE
	EndGlobalSection
	GlobalSection(ExtensibilityGlobals) = postSolution
		SolutionGuid = {8F0826FB-F743-4D0F-B3E4-E37F6C4D6D0D}
	EndGlobalSection
EndGlobal
