
Microsoft Visual Studio Solution File, Format Version 12.00
# Visual Studio 15
VisualStudioVersion = 15.0.28010.2050
MinimumVisualStudioVersion = 10.0.40219.1
Project("{9A19103F-16F7-4668-BE54-9A1E7A4F7556}") = "GoodSportsGoods", "GoodSportsGoods\GoodSportsGoods.csproj", "{53EE5772-9988-44C9-97AA-B9479B2591E9}"
EndProject
Project("{FAE04EC0-301F-11D3-BF4B-00C04F79EFBC}") = "GoodSportsGoods.Tests", "GoodSportsGoods.Tests\GoodSportsGoods.Tests.csproj", "{CD0E1E84-EE8E-4867-AA9D-60E352FA426B}"
EndProject
Global
	GlobalSection(SolutionConfigurationPlatforms) = preSolution
		Debug|Any CPU = Debug|Any CPU
		Release|Any CPU = Release|Any CPU
	EndGlobalSection
	GlobalSection(ProjectConfigurationPlatforms) = postSolution
		{53EE5772-9988-44C9-97AA-B9479B2591E9}.Debug|Any CPU.ActiveCfg = Debug|Any CPU
		{53EE5772-9988-44C9-97AA-B9479B2591E9}.Debug|Any CPU.Build.0 = Debug|Any CPU
		{53EE5772-9988-44C9-97AA-B9479B2591E9}.Release|Any CPU.ActiveCfg = Release|Any CPU
		{53EE5772-9988-44C9-97AA-B9479B2591E9}.Release|Any CPU.Build.0 = Release|Any CPU
		{CD0E1E84-EE8E-4867-AA9D-60E352FA426B}.Debug|Any CPU.ActiveCfg = Debug|Any CPU
		{CD0E1E84-EE8E-4867-AA9D-60E352FA426B}.Debug|Any CPU.Build.0 = Debug|Any CPU
		{CD0E1E84-EE8E-4867-AA9D-60E352FA426B}.Release|Any CPU.ActiveCfg = Release|Any CPU
		{CD0E1E84-EE8E-4867-AA9D-60E352FA426B}.Release|Any CPU.Build.0 = Release|Any CPU
	EndGlobalSection
	GlobalSection(SolutionProperties) = preSolution
		HideSolutionNode = FALSE
	EndGlobalSection
	GlobalSection(ExtensibilityGlobals) = postSolution
		SolutionGuid = {837EBE8E-97DA-4D27-A14C-9DFEF74D99AB}
	EndGlobalSection
EndGlobal
