
Microsoft Visual Studio Solution File, Format Version 12.00
# Visual Studio 15
VisualStudioVersion = 15.0.28010.2050
MinimumVisualStudioVersion = 10.0.40219.1
Project("{FAE04EC0-301F-11D3-BF4B-00C04F79EFBC}") = "WebApplication", "WebApplication\WebApplication.csproj", "{C7F0C271-003C-42F2-878A-670D3ADA9ACB}"
EndProject
Global
	GlobalSection(SolutionConfigurationPlatforms) = preSolution
		Debug|Any CPU = Debug|Any CPU
		Release|Any CPU = Release|Any CPU
	EndGlobalSection
	GlobalSection(ProjectConfigurationPlatforms) = postSolution
		{C7F0C271-003C-42F2-878A-670D3ADA9ACB}.Debug|Any CPU.ActiveCfg = Debug|Any CPU
		{C7F0C271-003C-42F2-878A-670D3ADA9ACB}.Debug|Any CPU.Build.0 = Debug|Any CPU
		{C7F0C271-003C-42F2-878A-670D3ADA9ACB}.Release|Any CPU.ActiveCfg = Release|Any CPU
		{C7F0C271-003C-42F2-878A-670D3ADA9ACB}.Release|Any CPU.Build.0 = Release|Any CPU
	EndGlobalSection
	GlobalSection(SolutionProperties) = preSolution
		HideSolutionNode = FALSE
	EndGlobalSection
	GlobalSection(ExtensibilityGlobals) = postSolution
		SolutionGuid = {DC0B3561-81BE-429B-A697-D13CBDDA6C2C}
	EndGlobalSection
EndGlobal
