
Microsoft Visual Studio Solution File, Format Version 12.00
# Visual Studio 15
VisualStudioVersion = 15.0.28010.2050
MinimumVisualStudioVersion = 10.0.40219.1
Project("{FAE04EC0-301F-11D3-BF4B-00C04F79EFBC}") = "Partyinvite", "Partyinvite\Partyinvite.csproj", "{4A81B177-80C0-444A-B11D-399656DCE606}"
EndProject
Global
	GlobalSection(SolutionConfigurationPlatforms) = preSolution
		Debug|Any CPU = Debug|Any CPU
		Release|Any CPU = Release|Any CPU
	EndGlobalSection
	GlobalSection(ProjectConfigurationPlatforms) = postSolution
		{4A81B177-80C0-444A-B11D-399656DCE606}.Debug|Any CPU.ActiveCfg = Debug|Any CPU
		{4A81B177-80C0-444A-B11D-399656DCE606}.Debug|Any CPU.Build.0 = Debug|Any CPU
		{4A81B177-80C0-444A-B11D-399656DCE606}.Release|Any CPU.ActiveCfg = Release|Any CPU
		{4A81B177-80C0-444A-B11D-399656DCE606}.Release|Any CPU.Build.0 = Release|Any CPU
	EndGlobalSection
	GlobalSection(SolutionProperties) = preSolution
		HideSolutionNode = FALSE
	EndGlobalSection
	GlobalSection(ExtensibilityGlobals) = postSolution
		SolutionGuid = {9B3A410B-895C-4006-B2B5-2D18CE8F3923}
	EndGlobalSection
EndGlobal
