
Microsoft Visual Studio Solution File, Format Version 12.00
# Visual Studio 15
VisualStudioVersion = 15.0.28010.2050
MinimumVisualStudioVersion = 10.0.40219.1
Project("{FAE04EC0-301F-11D3-BF4B-00C04F79EFBC}") = "Chapter3_DependencyInjection", "Chapter3_DependencyInjection\Chapter3_DependencyInjection.csproj", "{9579EBA8-CB6B-43BC-8F65-B3264A1E7BEB}"
EndProject
Global
	GlobalSection(SolutionConfigurationPlatforms) = preSolution
		Debug|Any CPU = Debug|Any CPU
		Release|Any CPU = Release|Any CPU
	EndGlobalSection
	GlobalSection(ProjectConfigurationPlatforms) = postSolution
		{9579EBA8-CB6B-43BC-8F65-B3264A1E7BEB}.Debug|Any CPU.ActiveCfg = Debug|Any CPU
		{9579EBA8-CB6B-43BC-8F65-B3264A1E7BEB}.Debug|Any CPU.Build.0 = Debug|Any CPU
		{9579EBA8-CB6B-43BC-8F65-B3264A1E7BEB}.Release|Any CPU.ActiveCfg = Release|Any CPU
		{9579EBA8-CB6B-43BC-8F65-B3264A1E7BEB}.Release|Any CPU.Build.0 = Release|Any CPU
	EndGlobalSection
	GlobalSection(SolutionProperties) = preSolution
		HideSolutionNode = FALSE
	EndGlobalSection
	GlobalSection(ExtensibilityGlobals) = postSolution
		SolutionGuid = {75E1C831-CDFD-4ECF-B85C-C9C4F012861A}
	EndGlobalSection
EndGlobal
