
Microsoft Visual Studio Solution File, Format Version 12.00
# Visual Studio 15
VisualStudioVersion = 15.0.28010.2050
MinimumVisualStudioVersion = 10.0.40219.1
Project("{FAE04EC0-301F-11D3-BF4B-00C04F79EFBC}") = "WebApplication2", "WebApplication2\WebApplication2.csproj", "{3CF6C1B0-867F-4B51-B35F-908E8B12FFA9}"
EndProject
Global
	GlobalSection(SolutionConfigurationPlatforms) = preSolution
		Debug|Any CPU = Debug|Any CPU
		Release|Any CPU = Release|Any CPU
	EndGlobalSection
	GlobalSection(ProjectConfigurationPlatforms) = postSolution
		{3CF6C1B0-867F-4B51-B35F-908E8B12FFA9}.Debug|Any CPU.ActiveCfg = Debug|Any CPU
		{3CF6C1B0-867F-4B51-B35F-908E8B12FFA9}.Debug|Any CPU.Build.0 = Debug|Any CPU
		{3CF6C1B0-867F-4B51-B35F-908E8B12FFA9}.Release|Any CPU.ActiveCfg = Release|Any CPU
		{3CF6C1B0-867F-4B51-B35F-908E8B12FFA9}.Release|Any CPU.Build.0 = Release|Any CPU
	EndGlobalSection
	GlobalSection(SolutionProperties) = preSolution
		HideSolutionNode = FALSE
	EndGlobalSection
	GlobalSection(ExtensibilityGlobals) = postSolution
		SolutionGuid = {6CD020CD-5AD0-47EE-8AB0-3DAA1DA5A455}
	EndGlobalSection
EndGlobal
